
Microsoft Visual Studio Solution File, Format Version 12.00
# Visual Studio Version 17
VisualStudioVersion = 17.5.33530.505
MinimumVisualStudioVersion = 10.0.40219.1
Project("{FAE04EC0-301F-11D3-BF4B-00C04F79EFBC}") = "EmployeeCRUDAPI", "EmployeeCRUDAPI.csproj", "{59AF6289-A655-4ED9-B1DD-CD35C7B30A8A}"
EndProject
Global
	GlobalSection(SolutionConfigurationPlatforms) = preSolution
		Debug|Any CPU = Debug|Any CPU
		Release|Any CPU = Release|Any CPU
	EndGlobalSection
	GlobalSection(ProjectConfigurationPlatforms) = postSolution
		{59AF6289-A655-4ED9-B1DD-CD35C7B30A8A}.Debug|Any CPU.ActiveCfg = Debug|Any CPU
		{59AF6289-A655-4ED9-B1DD-CD35C7B30A8A}.Debug|Any CPU.Build.0 = Debug|Any CPU
		{59AF6289-A655-4ED9-B1DD-CD35C7B30A8A}.Release|Any CPU.ActiveCfg = Release|Any CPU
		{59AF6289-A655-4ED9-B1DD-CD35C7B30A8A}.Release|Any CPU.Build.0 = Release|Any CPU
	EndGlobalSection
	GlobalSection(SolutionProperties) = preSolution
		HideSolutionNode = FALSE
	EndGlobalSection
	GlobalSection(ExtensibilityGlobals) = postSolution
		SolutionGuid = {017F2FCB-32E1-4E25-88CE-3294EBCDB42D}
	EndGlobalSection
EndGlobal
